
Microsoft Visual Studio Solution File, Format Version 12.00
# Visual Studio Version 16
VisualStudioVersion = 16.0.31515.178
MinimumVisualStudioVersion = 10.0.40219.1
Project("{8BC9CEB8-8B4A-11D0-8D11-00A0C91BC942}") = "VirtualWorld", "VirtualWorld.vcxproj", "{B5DD1270-534E-4CAB-B47D-0AD43A25B5EE}"
EndProject
Global
	GlobalSection(SolutionConfigurationPlatforms) = preSolution
		Debug|x64 = Debug|x64
		Debug|x86 = Debug|x86
		Release|x64 = Release|x64
		Release|x86 = Release|x86
	EndGlobalSection
	GlobalSection(ProjectConfigurationPlatforms) = postSolution
		{B5DD1270-534E-4CAB-B47D-0AD43A25B5EE}.Debug|x64.ActiveCfg = Debug|x64
		{B5DD1270-534E-4CAB-B47D-0AD43A25B5EE}.Debug|x64.Build.0 = Debug|x64
		{B5DD1270-534E-4CAB-B47D-0AD43A25B5EE}.Debug|x86.ActiveCfg = Debug|Win32
		{B5DD1270-534E-4CAB-B47D-0AD43A25B5EE}.Debug|x86.Build.0 = Debug|Win32
		{B5DD1270-534E-4CAB-B47D-0AD43A25B5EE}.Release|x64.ActiveCfg = Release|x64
		{B5DD1270-534E-4CAB-B47D-0AD43A25B5EE}.Release|x64.Build.0 = Release|x64
		{B5DD1270-534E-4CAB-B47D-0AD43A25B5EE}.Release|x86.ActiveCfg = Release|Win32
		{B5DD1270-534E-4CAB-B47D-0AD43A25B5EE}.Release|x86.Build.0 = Release|Win32
	EndGlobalSection
	GlobalSection(SolutionProperties) = preSolution
		HideSolutionNode = FALSE
	EndGlobalSection
	GlobalSection(ExtensibilityGlobals) = postSolution
		SolutionGuid = {A5AD215B-4C6E-4C09-ACF0-102EA299816F}
	EndGlobalSection
EndGlobal
